// !$*UTF8*$!
{
	archiveVersion = 1;
	classes = {
	};
	objectVersion = 46;
	objects = {

/* Begin PBXBuildFile section */
		48F3B4FC17B81BE900A52433 /* UIKit.framework in Frameworks */ = {isa = PBXBuildFile; fileRef = 48F3B4FB17B81BE900A52433 /* UIKit.framework */; };
		48F3B4FE17B81BE900A52433 /* Foundation.framework in Frameworks */ = {isa = PBXBuildFile; fileRef = 48F3B4FD17B81BE900A52433 /* Foundation.framework */; };
		48F3B50017B81BE900A52433 /* CoreGraphics.framework in Frameworks */ = {isa = PBXBuildFile; fileRef = 48F3B4FF17B81BE900A52433 /* CoreGraphics.framework */; };
		48F3B50617B81BE900A52433 /* InfoPlist.strings in Resources */ = {isa = PBXBuildFile; fileRef = 48F3B50417B81BE900A52433 /* InfoPlist.strings */; };
		48F3B50817B81BE900A52433 /* main.m in Sources */ = {isa = PBXBuildFile; fileRef = 48F3B50717B81BE900A52433 /* main.m */; };
		48F3B50C17B81BE900A52433 /* AppDelegate.m in Sources */ = {isa = PBXBuildFile; fileRef = 48F3B50B17B81BE900A52433 /* AppDelegate.m */; };
		48F3B50E17B81BE900A52433 /* Default.png in Resources */ = {isa = PBXBuildFile; fileRef = 48F3B50D17B81BE900A52433 /* Default.png */; };
		48F3B51017B81BE900A52433 /* Default@2x.png in Resources */ = {isa = PBXBuildFile; fileRef = 48F3B50F17B81BE900A52433 /* Default@2x.png */; };
		48F3B51217B81BE900A52433 /* Default-568h@2x.png in Resources */ = {isa = PBXBuildFile; fileRef = 48F3B51117B81BE900A52433 /* Default-568h@2x.png */; };
		48F3B51517B81BE900A52433 /* MainStoryboard_iPhone.storyboard in Resources */ = {isa = PBXBuildFile; fileRef = 48F3B51317B81BE900A52433 /* MainStoryboard_iPhone.storyboard */; };
		48F3B51817B81BE900A52433 /* MainStoryboard_iPad.storyboard in Resources */ = {isa = PBXBuildFile; fileRef = 48F3B51617B81BE900A52433 /* MainStoryboard_iPad.storyboard */; };
		48F3B51B17B81BE900A52433 /* ViewController.m in Sources */ = {isa = PBXBuildFile; fileRef = 48F3B51A17B81BE900A52433 /* ViewController.m */; };
		48F3B52317B81BE900A52433 /* SenTestingKit.framework in Frameworks */ = {isa = PBXBuildFile; fileRef = 48F3B52217B81BE900A52433 /* SenTestingKit.framework */; };
		48F3B52417B81BE900A52433 /* UIKit.framework in Frameworks */ = {isa = PBXBuildFile; fileRef = 48F3B4FB17B81BE900A52433 /* UIKit.framework */; };
		48F3B52517B81BE900A52433 /* Foundation.framework in Frameworks */ = {isa = PBXBuildFile; fileRef = 48F3B4FD17B81BE900A52433 /* Foundation.framework */; };
		48F3B52D17B81BE900A52433 /* InfoPlist.strings in Resources */ = {isa = PBXBuildFile; fileRef = 48F3B52B17B81BE900A52433 /* InfoPlist.strings */; };
		48F3B53017B81BE900A52433 /* StoryBoardTutorialTests.m in Sources */ = {isa = PBXBuildFile; fileRef = 48F3B52F17B81BE900A52433 /* StoryBoardTutorialTests.m */; };
		48F3B53B17B81E0300A52433 /* Scene2ViewController.m in Sources */ = {isa = PBXBuildFile; fileRef = 48F3B53A17B81E0300A52433 /* Scene2ViewController.m */; };
		48F3B53E17B81FD300A52433 /* ContactListViewController.m in Sources */ = {isa = PBXBuildFile; fileRef = 48F3B53D17B81FD300A52433 /* ContactListViewController.m */; };
		48F3B54117B823E100A52433 /* Person.m in Sources */ = {isa = PBXBuildFile; fileRef = 48F3B54017B823E100A52433 /* Person.m */; };
		48F3B54417B82D8600A52433 /* PersonDetailViewController.m in Sources */ = {isa = PBXBuildFile; fileRef = 48F3B54317B82D8600A52433 /* PersonDetailViewController.m */; };
/* End PBXBuildFile section */

/* Begin PBXContainerItemProxy section */
		48F3B52617B81BE900A52433 /* PBXContainerItemProxy */ = {
			isa = PBXContainerItemProxy;
			containerPortal = 48F3B4F017B81BE900A52433 /* Project object */;
			proxyType = 1;
			remoteGlobalIDString = 48F3B4F717B81BE900A52433;
			remoteInfo = StoryBoardTutorial;
		};
/* End PBXContainerItemProxy section */

/* Begin PBXFileReference section */
		48F3B4F817B81BE900A52433 /* StoryBoardTutorial.app */ = {isa = PBXFileReference; explicitFileType = wrapper.application; includeInIndex = 0; path = StoryBoardTutorial.app; sourceTree = BUILT_PRODUCTS_DIR; };
		48F3B4FB17B81BE900A52433 /* UIKit.framework */ = {isa = PBXFileReference; lastKnownFileType = wrapper.framework; name = UIKit.framework; path = System/Library/Frameworks/UIKit.framework; sourceTree = SDKROOT; };
		48F3B4FD17B81BE900A52433 /* Foundation.framework */ = {isa = PBXFileReference; lastKnownFileType = wrapper.framework; name = Foundation.framework; path = System/Library/Frameworks/Foundation.framework; sourceTree = SDKROOT; };
		48F3B4FF17B81BE900A52433 /* CoreGraphics.framework */ = {isa = PBXFileReference; lastKnownFileType = wrapper.framework; name = CoreGraphics.framework; path = System/Library/Frameworks/CoreGraphics.framework; sourceTree = SDKROOT; };
		48F3B50317B81BE900A52433 /* StoryBoardTutorial-Info.plist */ = {isa = PBXFileReference; lastKnownFileType = text.plist.xml; path = "StoryBoardTutorial-Info.plist"; sourceTree = "<group>"; };
		48F3B50517B81BE900A52433 /* en */ = {isa = PBXFileReference; lastKnownFileType = text.plist.strings; name = en; path = en.lproj/InfoPlist.strings; sourceTree = "<group>"; };
		48F3B50717B81BE900A52433 /* main.m */ = {isa = PBXFileReference; lastKnownFileType = sourcecode.c.objc; path = main.m; sourceTree = "<group>"; };
		48F3B50917B81BE900A52433 /* StoryBoardTutorial-Prefix.pch */ = {isa = PBXFileReference; lastKnownFileType = sourcecode.c.h; path = "StoryBoardTutorial-Prefix.pch"; sourceTree = "<group>"; };
		48F3B50A17B81BE900A52433 /* AppDelegate.h */ = {isa = PBXFileReference; lastKnownFileType = sourcecode.c.h; path = AppDelegate.h; sourceTree = "<group>"; };
		48F3B50B17B81BE900A52433 /* AppDelegate.m */ = {isa = PBXFileReference; lastKnownFileType = sourcecode.c.objc; path = AppDelegate.m; sourceTree = "<group>"; };
		48F3B50D17B81BE900A52433 /* Default.png */ = {isa = PBXFileReference; lastKnownFileType = image.png; path = Default.png; sourceTree = "<group>"; };
		48F3B50F17B81BE900A52433 /* Default@2x.png */ = {isa = PBXFileReference; lastKnownFileType = image.png; path = "Default@2x.png"; sourceTree = "<group>"; };
		48F3B51117B81BE900A52433 /* Default-568h@2x.png */ = {isa = PBXFileReference; lastKnownFileType = image.png; path = "Default-568h@2x.png"; sourceTree = "<group>"; };
		48F3B51417B81BE900A52433 /* en */ = {isa = PBXFileReference; lastKnownFileType = file.storyboard; name = en; path = en.lproj/MainStoryboard_iPhone.storyboard; sourceTree = "<group>"; };
		48F3B51717B81BE900A52433 /* en */ = {isa = PBXFileReference; lastKnownFileType = file.storyboard; name = en; path = en.lproj/MainStoryboard_iPad.storyboard; sourceTree = "<group>"; };
		48F3B51917B81BE900A52433 /* ViewController.h */ = {isa = PBXFileReference; lastKnownFileType = sourcecode.c.h; path = ViewController.h; sourceTree = "<group>"; };
		48F3B51A17B81BE900A52433 /* ViewController.m */ = {isa = PBXFileReference; lastKnownFileType = sourcecode.c.objc; path = ViewController.m; sourceTree = "<group>"; };
		48F3B52117B81BE900A52433 /* StoryBoardTutorialTests.octest */ = {isa = PBXFileReference; explicitFileType = wrapper.cfbundle; includeInIndex = 0; path = StoryBoardTutorialTests.octest; sourceTree = BUILT_PRODUCTS_DIR; };
		48F3B52217B81BE900A52433 /* SenTestingKit.framework */ = {isa = PBXFileReference; lastKnownFileType = wrapper.framework; name = SenTestingKit.framework; path = Library/Frameworks/SenTestingKit.framework; sourceTree = DEVELOPER_DIR; };
		48F3B52A17B81BE900A52433 /* StoryBoardTutorialTests-Info.plist */ = {isa = PBXFileReference; lastKnownFileType = text.plist.xml; path = "StoryBoardTutorialTests-Info.plist"; sourceTree = "<group>"; };
		48F3B52C17B81BE900A52433 /* en */ = {isa = PBXFileReference; lastKnownFileType = text.plist.strings; name = en; path = en.lproj/InfoPlist.strings; sourceTree = "<group>"; };
		48F3B52E17B81BE900A52433 /* StoryBoardTutorialTests.h */ = {isa = PBXFileReference; lastKnownFileType = sourcecode.c.h; path = StoryBoardTutorialTests.h; sourceTree = "<group>"; };
		48F3B52F17B81BE900A52433 /* StoryBoardTutorialTests.m */ = {isa = PBXFileReference; lastKnownFileType = sourcecode.c.objc; path = StoryBoardTutorialTests.m; sourceTree = "<group>"; };
		48F3B53917B81E0300A52433 /* Scene2ViewController.h */ = {isa = PBXFileReference; fileEncoding = 4; lastKnownFileType = sourcecode.c.h; path = Scene2ViewController.h; sourceTree = "<group>"; };
		48F3B53A17B81E0300A52433 /* Scene2ViewController.m */ = {isa = PBXFileReference; fileEncoding = 4; lastKnownFileType = sourcecode.c.objc; path = Scene2ViewController.m; sourceTree = "<group>"; };
		48F3B53C17B81FD300A52433 /* ContactListViewController.h */ = {isa = PBXFileReference; fileEncoding = 4; lastKnownFileType = sourcecode.c.h; path = ContactListViewController.h; sourceTree = "<group>"; };
		48F3B53D17B81FD300A52433 /* ContactListViewController.m */ = {isa = PBXFileReference; fileEncoding = 4; lastKnownFileType = sourcecode.c.objc; path = ContactListViewController.m; sourceTree = "<group>"; };
		48F3B53F17B823E100A52433 /* Person.h */ = {isa = PBXFileReference; fileEncoding = 4; lastKnownFileType = sourcecode.c.h; path = Person.h; sourceTree = "<group>"; };
		48F3B54017B823E100A52433 /* Person.m */ = {isa = PBXFileReference; fileEncoding = 4; lastKnownFileType = sourcecode.c.objc; path = Person.m; sourceTree = "<group>"; };
		48F3B54217B82D8600A52433 /* PersonDetailViewController.h */ = {isa = PBXFileReference; fileEncoding = 4; lastKnownFileType = sourcecode.c.h; path = PersonDetailViewController.h; sourceTree = "<group>"; };
		48F3B54317B82D8600A52433 /* PersonDetailViewController.m */ = {isa = PBXFileReference; fileEncoding = 4; lastKnownFileType = sourcecode.c.objc; path = PersonDetailViewController.m; sourceTree = "<group>"; };
/* End PBXFileReference section */

/* Begin PBXFrameworksBuildPhase section */
		48F3B4F517B81BE900A52433 /* Frameworks */ = {
			isa = PBXFrameworksBuildPhase;
			buildActionMask = 2147483647;
			files = (
				48F3B4FC17B81BE900A52433 /* UIKit.framework in Frameworks */,
				48F3B4FE17B81BE900A52433 /* Foundation.framework in Frameworks */,
				48F3B50017B81BE900A52433 /* CoreGraphics.framework in Frameworks */,
			);
			runOnlyForDeploymentPostprocessing = 0;
		};
		48F3B51D17B81BE900A52433 /* Frameworks */ = {
			isa = PBXFrameworksBuildPhase;
			buildActionMask = 2147483647;
			files = (
				48F3B52317B81BE900A52433 /* SenTestingKit.framework in Frameworks */,
				48F3B52417B81BE900A52433 /* UIKit.framework in Frameworks */,
				48F3B52517B81BE900A52433 /* Foundation.framework in Frameworks */,
			);
			runOnlyForDeploymentPostprocessing = 0;
		};
/* End PBXFrameworksBuildPhase section */

/* Begin PBXGroup section */
		48F3B4EF17B81BE900A52433 = {
			isa = PBXGroup;
			children = (
				48F3B50117B81BE900A52433 /* StoryBoardTutorial */,
				48F3B52817B81BE900A52433 /* StoryBoardTutorialTests */,
				48F3B4FA17B81BE900A52433 /* Frameworks */,
				48F3B4F917B81BE900A52433 /* Products */,
			);
			sourceTree = "<group>";
		};
		48F3B4F917B81BE900A52433 /* Products */ = {
			isa = PBXGroup;
			children = (
				48F3B4F817B81BE900A52433 /* StoryBoardTutorial.app */,
				48F3B52117B81BE900A52433 /* StoryBoardTutorialTests.octest */,
			);
			name = Products;
			sourceTree = "<group>";
		};
		48F3B4FA17B81BE900A52433 /* Frameworks */ = {
			isa = PBXGroup;
			children = (
				48F3B4FB17B81BE900A52433 /* UIKit.framework */,
				48F3B4FD17B81BE900A52433 /* Foundation.framework */,
				48F3B4FF17B81BE900A52433 /* CoreGraphics.framework */,
				48F3B52217B81BE900A52433 /* SenTestingKit.framework */,
			);
			name = Frameworks;
			sourceTree = "<group>";
		};
		48F3B50117B81BE900A52433 /* StoryBoardTutorial */ = {
			isa = PBXGroup;
			children = (
				48F3B50A17B81BE900A52433 /* AppDelegate.h */,
				48F3B50B17B81BE900A52433 /* AppDelegate.m */,
				48F3B51317B81BE900A52433 /* MainStoryboard_iPhone.storyboard */,
				48F3B54217B82D8600A52433 /* PersonDetailViewController.h */,
				48F3B54317B82D8600A52433 /* PersonDetailViewController.m */,
				48F3B53F17B823E100A52433 /* Person.h */,
				48F3B54017B823E100A52433 /* Person.m */,
				48F3B53C17B81FD300A52433 /* ContactListViewController.h */,
				48F3B53D17B81FD300A52433 /* ContactListViewController.m */,
				48F3B53917B81E0300A52433 /* Scene2ViewController.h */,
				48F3B53A17B81E0300A52433 /* Scene2ViewController.m */,
				48F3B51617B81BE900A52433 /* MainStoryboard_iPad.storyboard */,
				48F3B51917B81BE900A52433 /* ViewController.h */,
				48F3B51A17B81BE900A52433 /* ViewController.m */,
				48F3B50217B81BE900A52433 /* Supporting Files */,
			);
			path = StoryBoardTutorial;
			sourceTree = "<group>";
		};
		48F3B50217B81BE900A52433 /* Supporting Files */ = {
			isa = PBXGroup;
			children = (
				48F3B50317B81BE900A52433 /* StoryBoardTutorial-Info.plist */,
				48F3B50417B81BE900A52433 /* InfoPlist.strings */,
				48F3B50717B81BE900A52433 /* main.m */,
				48F3B50917B81BE900A52433 /* StoryBoardTutorial-Prefix.pch */,
				48F3B50D17B81BE900A52433 /* Default.png */,
				48F3B50F17B81BE900A52433 /* Default@2x.png */,
				48F3B51117B81BE900A52433 /* Default-568h@2x.png */,
			);
			name = "Supporting Files";
			sourceTree = "<group>";
		};
		48F3B52817B81BE900A52433 /* StoryBoardTutorialTests */ = {
			isa = PBXGroup;
			children = (
				48F3B52E17B81BE900A52433 /* StoryBoardTutorialTests.h */,
				48F3B52F17B81BE900A52433 /* StoryBoardTutorialTests.m */,
				48F3B52917B81BE900A52433 /* Supporting Files */,
			);
			path = StoryBoardTutorialTests;
			sourceTree = "<group>";
		};
		48F3B52917B81BE900A52433 /* Supporting Files */ = {
			isa = PBXGroup;
			children = (
				48F3B52A17B81BE900A52433 /* StoryBoardTutorialTests-Info.plist */,
				48F3B52B17B81BE900A52433 /* InfoPlist.strings */,
			);
			name = "Supporting Files";
			sourceTree = "<group>";
		};
/* End PBXGroup section */

/* Begin PBXNativeTarget section */
		48F3B4F717B81BE900A52433 /* StoryBoardTutorial */ = {
			isa = PBXNativeTarget;
			buildConfigurationList = 48F3B53317B81BE900A52433 /* Build configuration list for PBXNativeTarget "StoryBoardTutorial" */;
			buildPhases = (
				48F3B4F417B81BE900A52433 /* Sources */,
				48F3B4F517B81BE900A52433 /* Frameworks */,
				48F3B4F617B81BE900A52433 /* Resources */,
			);
			buildRules = (
			);
			dependencies = (
			);
			name = StoryBoardTutorial;
			productName = StoryBoardTutorial;
			productReference = 48F3B4F817B81BE900A52433 /* StoryBoardTutorial.app */;
			productType = "com.apple.product-type.application";
		};
		48F3B52017B81BE900A52433 /* StoryBoardTutorialTests */ = {
			isa = PBXNativeTarget;
			buildConfigurationList = 48F3B53617B81BE900A52433 /* Build configuration list for PBXNativeTarget "StoryBoardTutorialTests" */;
			buildPhases = (
				48F3B51C17B81BE900A52433 /* Sources */,
				48F3B51D17B81BE900A52433 /* Frameworks */,
				48F3B51E17B81BE900A52433 /* Resources */,
				48F3B51F17B81BE900A52433 /* ShellScript */,
			);
			buildRules = (
			);
			dependencies = (
				48F3B52717B81BE900A52433 /* PBXTargetDependency */,
			);
			name = StoryBoardTutorialTests;
			productName = StoryBoardTutorialTests;
			productReference = 48F3B52117B81BE900A52433 /* StoryBoardTutorialTests.octest */;
			productType = "com.apple.product-type.bundle";
		};
/* End PBXNativeTarget section */

/* Begin PBXProject section */
		48F3B4F017B81BE900A52433 /* Project object */ = {
			isa = PBXProject;
			attributes = {
				LastUpgradeCheck = 0460;
				ORGANIZATIONNAME = "Randy McMillan";
			};
			buildConfigurationList = 48F3B4F317B81BE900A52433 /* Build configuration list for PBXProject "StoryBoardTutorial" */;
			compatibilityVersion = "Xcode 3.2";
			developmentRegion = English;
			hasScannedForEncodings = 0;
			knownRegions = (
				en,
			);
			mainGroup = 48F3B4EF17B81BE900A52433;
			productRefGroup = 48F3B4F917B81BE900A52433 /* Products */;
			projectDirPath = "";
			projectRoot = "";
			targets = (
				48F3B4F717B81BE900A52433 /* StoryBoardTutorial */,
				48F3B52017B81BE900A52433 /* StoryBoardTutorialTests */,
			);
		};
/* End PBXProject section */

/* Begin PBXResourcesBuildPhase section */
		48F3B4F617B81BE900A52433 /* Resources */ = {
			isa = PBXResourcesBuildPhase;
			buildActionMask = 2147483647;
			files = (
				48F3B50617B81BE900A52433 /* InfoPlist.strings in Resources */,
				48F3B50E17B81BE900A52433 /* Default.png in Resources */,
				48F3B51017B81BE900A52433 /* Default@2x.png in Resources */,
				48F3B51217B81BE900A52433 /* Default-568h@2x.png in Resources */,
				48F3B51517B81BE900A52433 /* MainStoryboard_iPhone.storyboard in Resources */,
				48F3B51817B81BE900A52433 /* MainStoryboard_iPad.storyboard in Resources */,
			);
			runOnlyForDeploymentPostprocessing = 0;
		};
		48F3B51E17B81BE900A52433 /* Resources */ = {
			isa = PBXResourcesBuildPhase;
			buildActionMask = 2147483647;
			files = (
				48F3B52D17B81BE900A52433 /* InfoPlist.strings in Resources */,
			);
			runOnlyForDeploymentPostprocessing = 0;
		};
/* End PBXResourcesBuildPhase section */

/* Begin PBXShellScriptBuildPhase section */
		48F3B51F17B81BE900A52433 /* ShellScript */ = {
			isa = PBXShellScriptBuildPhase;
			buildActionMask = 2147483647;
			files = (
			);
			inputPaths = (
			);
			outputPaths = (
			);
			runOnlyForDeploymentPostprocessing = 0;
			shellPath = /bin/sh;
			shellScript = "# Run the unit tests in this test bundle.\n\"${SYSTEM_DEVELOPER_DIR}/Tools/RunUnitTests\"\n";
		};
/* End PBXShellScriptBuildPhase section */

/* Begin PBXSourcesBuildPhase section */
		48F3B4F417B81BE900A52433 /* Sources */ = {
			isa = PBXSourcesBuildPhase;
			buildActionMask = 2147483647;
			files = (
				48F3B50817B81BE900A52433 /* main.m in Sources */,
				48F3B50C17B81BE900A52433 /* AppDelegate.m in Sources */,
				48F3B51B17B81BE900A52433 /* ViewController.m in Sources */,
				48F3B53B17B81E0300A52433 /* Scene2ViewController.m in Sources */,
				48F3B53E17B81FD300A52433 /* ContactListViewController.m in Sources */,
				48F3B54117B823E100A52433 /* Person.m in Sources */,
				48F3B54417B82D8600A52433 /* PersonDetailViewController.m in Sources */,
			);
			runOnlyForDeploymentPostprocessing = 0;
		};
		48F3B51C17B81BE900A52433 /* Sources */ = {
			isa = PBXSourcesBuildPhase;
			buildActionMask = 2147483647;
			files = (
				48F3B53017B81BE900A52433 /* StoryBoardTutorialTests.m in Sources */,
			);
			runOnlyForDeploymentPostprocessing = 0;
		};
/* End PBXSourcesBuildPhase section */

/* Begin PBXTargetDependency section */
		48F3B52717B81BE900A52433 /* PBXTargetDependency */ = {
			isa = PBXTargetDependency;
			target = 48F3B4F717B81BE900A52433 /* StoryBoardTutorial */;
			targetProxy = 48F3B52617B81BE900A52433 /* PBXContainerItemProxy */;
		};
/* End PBXTargetDependency section */

/* Begin PBXVariantGroup section */
		48F3B50417B81BE900A52433 /* InfoPlist.strings */ = {
			isa = PBXVariantGroup;
			children = (
				48F3B50517B81BE900A52433 /* en */,
			);
			name = InfoPlist.strings;
			sourceTree = "<group>";
		};
		48F3B51317B81BE900A52433 /* MainStoryboard_iPhone.storyboard */ = {
			isa = PBXVariantGroup;
			children = (
				48F3B51417B81BE900A52433 /* en */,
			);
			name = MainStoryboard_iPhone.storyboard;
			sourceTree = "<group>";
		};
		48F3B51617B81BE900A52433 /* MainStoryboard_iPad.storyboard */ = {
			isa = PBXVariantGroup;
			children = (
				48F3B51717B81BE900A52433 /* en */,
			);
			name = MainStoryboard_iPad.storyboard;
			sourceTree = "<group>";
		};
		48F3B52B17B81BE900A52433 /* InfoPlist.strings */ = {
			isa = PBXVariantGroup;
			children = (
				48F3B52C17B81BE900A52433 /* en */,
			);
			name = InfoPlist.strings;
			sourceTree = "<group>";
		};
/* End PBXVariantGroup section */

/* Begin XCBuildConfiguration section */
		48F3B53117B81BE900A52433 /* Debug */ = {
			isa = XCBuildConfiguration;
			buildSettings = {
				ALWAYS_SEARCH_USER_PATHS = NO;
				CLANG_CXX_LANGUAGE_STANDARD = "gnu++0x";
				CLANG_CXX_LIBRARY = "libc++";
				CLANG_ENABLE_OBJC_ARC = YES;
				CLANG_WARN_CONSTANT_CONVERSION = YES;
				CLANG_WARN_EMPTY_BODY = YES;
				CLANG_WARN_ENUM_CONVERSION = YES;
				CLANG_WARN_INT_CONVERSION = YES;
				CLANG_WARN__DUPLICATE_METHOD_MATCH = YES;
				"CODE_SIGN_IDENTITY[sdk=iphoneos*]" = "iPhone Developer";
				COPY_PHASE_STRIP = NO;
				GCC_C_LANGUAGE_STANDARD = gnu99;
				GCC_DYNAMIC_NO_PIC = NO;
				GCC_OPTIMIZATION_LEVEL = 0;
				GCC_PREPROCESSOR_DEFINITIONS = (
					"DEBUG=1",
					"$(inherited)",
				);
				GCC_SYMBOLS_PRIVATE_EXTERN = NO;
				GCC_WARN_ABOUT_RETURN_TYPE = YES;
				GCC_WARN_UNINITIALIZED_AUTOS = YES;
				GCC_WARN_UNUSED_VARIABLE = YES;
				IPHONEOS_DEPLOYMENT_TARGET = 6.1;
				ONLY_ACTIVE_ARCH = YES;
				SDKROOT = iphoneos;
				TARGETED_DEVICE_FAMILY = "1,2";
			};
			name = Debug;
		};
		48F3B53217B81BE900A52433 /* Release */ = {
			isa = XCBuildConfiguration;
			buildSettings = {
				ALWAYS_SEARCH_USER_PATHS = NO;
				CLANG_CXX_LANGUAGE_STANDARD = "gnu++0x";
				CLANG_CXX_LIBRARY = "libc++";
				CLANG_ENABLE_OBJC_ARC = YES;
				CLANG_WARN_CONSTANT_CONVERSION = YES;
				CLANG_WARN_EMPTY_BODY = YES;
				CLANG_WARN_ENUM_CONVERSION = YES;
				CLANG_WARN_INT_CONVERSION = YES;
				CLANG_WARN__DUPLICATE_METHOD_MATCH = YES;
				"CODE_SIGN_IDENTITY[sdk=iphoneos*]" = "iPhone Developer";
				COPY_PHASE_STRIP = YES;
				GCC_C_LANGUAGE_STANDARD = gnu99;
				GCC_WARN_ABOUT_RETURN_TYPE = YES;
				GCC_WARN_UNINITIALIZED_AUTOS = YES;
				GCC_WARN_UNUSED_VARIABLE = YES;
				IPHONEOS_DEPLOYMENT_TARGET = 6.1;
				OTHER_CFLAGS = "-DNS_BLOCK_ASSERTIONS=1";
				SDKROOT = iphoneos;
				TARGETED_DEVICE_FAMILY = "1,2";
				VALIDATE_PRODUCT = YES;
			};
			name = Release;
		};
		48F3B53417B81BE900A52433 /* Debug */ = {
			isa = XCBuildConfiguration;
			buildSettings = {
				GCC_PRECOMPILE_PREFIX_HEADER = YES;
				GCC_PREFIX_HEADER = "StoryBoardTutorial/StoryBoardTutorial-Prefix.pch";
				INFOPLIST_FILE = "StoryBoardTutorial/StoryBoardTutorial-Info.plist";
				PRODUCT_NAME = "$(TARGET_NAME)";
				WRAPPER_EXTENSION = app;
			};
			name = Debug;
		};
		48F3B53517B81BE900A52433 /* Release */ = {
			isa = XCBuildConfiguration;
			buildSettings = {
				GCC_PRECOMPILE_PREFIX_HEADER = YES;
				GCC_PREFIX_HEADER = "StoryBoardTutorial/StoryBoardTutorial-Prefix.pch";
				INFOPLIST_FILE = "StoryBoardTutorial/StoryBoardTutorial-Info.plist";
				PRODUCT_NAME = "$(TARGET_NAME)";
				WRAPPER_EXTENSION = app;
			};
			name = Release;
		};
		48F3B53717B81BE900A52433 /* Debug */ = {
			isa = XCBuildConfiguration;
			buildSettings = {
				BUNDLE_LOADER = "$(BUILT_PRODUCTS_DIR)/StoryBoardTutorial.app/StoryBoardTutorial";
				FRAMEWORK_SEARCH_PATHS = (
					"\"$(SDKROOT)/Developer/Library/Frameworks\"",
					"\"$(DEVELOPER_LIBRARY_DIR)/Frameworks\"",
				);
				GCC_PRECOMPILE_PREFIX_HEADER = YES;
				GCC_PREFIX_HEADER = "StoryBoardTutorial/StoryBoardTutorial-Prefix.pch";
				INFOPLIST_FILE = "StoryBoardTutorialTests/StoryBoardTutorialTests-Info.plist";
				PRODUCT_NAME = "$(TARGET_NAME)";
				TEST_HOST = "$(BUNDLE_LOADER)";
				WRAPPER_EXTENSION = octest;
			};
			name = Debug;
		};
		48F3B53817B81BE900A52433 /* Release */ = {
			isa = XCBuildConfiguration;
			buildSettings = {
				BUNDLE_LOADER = "$(BUILT_PRODUCTS_DIR)/StoryBoardTutorial.app/StoryBoardTutorial";
				FRAMEWORK_SEARCH_PATHS = (
					"\"$(SDKROOT)/Developer/Library/Frameworks\"",
					"\"$(DEVELOPER_LIBRARY_DIR)/Frameworks\"",
				);
				GCC_PRECOMPILE_PREFIX_HEADER = YES;
				GCC_PREFIX_HEADER = "StoryBoardTutorial/StoryBoardTutorial-Prefix.pch";
				INFOPLIST_FILE = "StoryBoardTutorialTests/StoryBoardTutorialTests-Info.plist";
				PRODUCT_NAME = "$(TARGET_NAME)";
				TEST_HOST = "$(BUNDLE_LOADER)";
				WRAPPER_EXTENSION = octest;
			};
			name = Release;
		};
/* End XCBuildConfiguration section */

/* Begin XCConfigurationList section */
		48F3B4F317B81BE900A52433 /* Build configuration list for PBXProject "StoryBoardTutorial" */ = {
			isa = XCConfigurationList;
			buildConfigurations = (
				48F3B53117B81BE900A52433 /* Debug */,
				48F3B53217B81BE900A52433 /* Release */,
			);
			defaultConfigurationIsVisible = 0;
			defaultConfigurationName = Release;
		};
		48F3B53317B81BE900A52433 /* Build configuration list for PBXNativeTarget "StoryBoardTutorial" */ = {
			isa = XCConfigurationList;
			buildConfigurations = (
				48F3B53417B81BE900A52433 /* Debug */,
				48F3B53517B81BE900A52433 /* Release */,
			);
			defaultConfigurationIsVisible = 0;
		};
		48F3B53617B81BE900A52433 /* Build configuration list for PBXNativeTarget "StoryBoardTutorialTests" */ = {
			isa = XCConfigurationList;
			buildConfigurations = (
				48F3B53717B81BE900A52433 /* Debug */,
				48F3B53817B81BE900A52433 /* Release */,
			);
			defaultConfigurationIsVisible = 0;
		};
/* End XCConfigurationList section */
	};
	rootObject = 48F3B4F017B81BE900A52433 /* Project object */;
}
